
Microsoft Visual Studio Solution File, Format Version 12.00
# Visual Studio 15
VisualStudioVersion = 15.0.28307.779
MinimumVisualStudioVersion = 10.0.40219.1
Project("{FAE04EC0-301F-11D3-BF4B-00C04F79EFBC}") = "GithubActionTest", "GithubActionTest\GithubActionTest.csproj", "{9465F39A-8DB9-4049-B11C-0F7CF73BF6B6}"
EndProject
Project("{FAE04EC0-301F-11D3-BF4B-00C04F79EFBC}") = "UnitTest", "UnitTest\UnitTest.csproj", "{C8D30D2B-CEAE-4AD7-9C41-CF9DE2034E83}"
EndProject
Global
	GlobalSection(SolutionConfigurationPlatforms) = preSolution
		Debug|Any CPU = Debug|Any CPU
		Release|Any CPU = Release|Any CPU
	EndGlobalSection
	GlobalSection(ProjectConfigurationPlatforms) = postSolution
		{9465F39A-8DB9-4049-B11C-0F7CF73BF6B6}.Debug|Any CPU.ActiveCfg = Debug|Any CPU
		{9465F39A-8DB9-4049-B11C-0F7CF73BF6B6}.Debug|Any CPU.Build.0 = Debug|Any CPU
		{9465F39A-8DB9-4049-B11C-0F7CF73BF6B6}.Release|Any CPU.ActiveCfg = Release|Any CPU
		{9465F39A-8DB9-4049-B11C-0F7CF73BF6B6}.Release|Any CPU.Build.0 = Release|Any CPU
		{C8D30D2B-CEAE-4AD7-9C41-CF9DE2034E83}.Debug|Any CPU.ActiveCfg = Debug|Any CPU
		{C8D30D2B-CEAE-4AD7-9C41-CF9DE2034E83}.Debug|Any CPU.Build.0 = Debug|Any CPU
		{C8D30D2B-CEAE-4AD7-9C41-CF9DE2034E83}.Release|Any CPU.ActiveCfg = Release|Any CPU
		{C8D30D2B-CEAE-4AD7-9C41-CF9DE2034E83}.Release|Any CPU.Build.0 = Release|Any CPU
	EndGlobalSection
	GlobalSection(SolutionProperties) = preSolution
		HideSolutionNode = FALSE
	EndGlobalSection
	GlobalSection(ExtensibilityGlobals) = postSolution
		SolutionGuid = {142FB774-6CDF-4AFC-BFDC-0C6D1BC7BEB8}
	EndGlobalSection
EndGlobal
